// !$*UTF8*$!
{
	archiveVersion = 1;
	classes = {
	};
	objectVersion = 50;
	objects = {

/* Begin PBXBuildFile section */
		E36CED4F23C3A53F00D9792A /* AppDelegate.swift in Sources */ = {isa = PBXBuildFile; fileRef = E36CED4E23C3A53F00D9792A /* AppDelegate.swift */; };
		E36CED5123C3A53F00D9792A /* SceneDelegate.swift in Sources */ = {isa = PBXBuildFile; fileRef = E36CED5023C3A53F00D9792A /* SceneDelegate.swift */; };
		E36CED5623C3A53F00D9792A /* Main.storyboard in Resources */ = {isa = PBXBuildFile; fileRef = E36CED5423C3A53F00D9792A /* Main.storyboard */; };
		E36CED5923C3A53F00D9792A /* FoodTruckTracker.xcdatamodeld in Sources */ = {isa = PBXBuildFile; fileRef = E36CED5723C3A53F00D9792A /* FoodTruckTracker.xcdatamodeld */; };
		E36CED5B23C3A54000D9792A /* Assets.xcassets in Resources */ = {isa = PBXBuildFile; fileRef = E36CED5A23C3A54000D9792A /* Assets.xcassets */; };
		E36CED5E23C3A54000D9792A /* LaunchScreen.storyboard in Resources */ = {isa = PBXBuildFile; fileRef = E36CED5C23C3A54000D9792A /* LaunchScreen.storyboard */; };
		E36CED6623C4F92700D9792A /* DinerTableViewCell.swift in Sources */ = {isa = PBXBuildFile; fileRef = E36CED6523C4F92700D9792A /* DinerTableViewCell.swift */; };
		E36CED6B23C5577B00D9792A /* User.swift in Sources */ = {isa = PBXBuildFile; fileRef = E36CED6A23C5577B00D9792A /* User.swift */; };
		E36CED6D23C5598400D9792A /* Bearer.swift in Sources */ = {isa = PBXBuildFile; fileRef = E36CED6C23C5598400D9792A /* Bearer.swift */; };
		E36CED6F23C55E7100D9792A /* RegisterController.swift in Sources */ = {isa = PBXBuildFile; fileRef = E36CED6E23C55E7100D9792A /* RegisterController.swift */; };
		E36CED7123C64E5C00D9792A /* RegisterViewController.swift in Sources */ = {isa = PBXBuildFile; fileRef = E36CED7023C64E5C00D9792A /* RegisterViewController.swift */; };
		E36CED7523C6792500D9792A /* LoginViewController.swift in Sources */ = {isa = PBXBuildFile; fileRef = E36CED7423C6792500D9792A /* LoginViewController.swift */; };
/* End PBXBuildFile section */

/* Begin PBXFileReference section */
		E36CED4B23C3A53F00D9792A /* FoodTruckTracker.app */ = {isa = PBXFileReference; explicitFileType = wrapper.application; includeInIndex = 0; path = FoodTruckTracker.app; sourceTree = BUILT_PRODUCTS_DIR; };
		E36CED4E23C3A53F00D9792A /* AppDelegate.swift */ = {isa = PBXFileReference; lastKnownFileType = sourcecode.swift; path = AppDelegate.swift; sourceTree = "<group>"; };
		E36CED5023C3A53F00D9792A /* SceneDelegate.swift */ = {isa = PBXFileReference; lastKnownFileType = sourcecode.swift; path = SceneDelegate.swift; sourceTree = "<group>"; };
		E36CED5523C3A53F00D9792A /* Base */ = {isa = PBXFileReference; lastKnownFileType = file.storyboard; name = Base; path = Base.lproj/Main.storyboard; sourceTree = "<group>"; };
		E36CED5823C3A53F00D9792A /* FoodTruckTracker.xcdatamodel */ = {isa = PBXFileReference; lastKnownFileType = wrapper.xcdatamodel; path = FoodTruckTracker.xcdatamodel; sourceTree = "<group>"; };
		E36CED5A23C3A54000D9792A /* Assets.xcassets */ = {isa = PBXFileReference; lastKnownFileType = folder.assetcatalog; path = Assets.xcassets; sourceTree = "<group>"; };
		E36CED5D23C3A54000D9792A /* Base */ = {isa = PBXFileReference; lastKnownFileType = file.storyboard; name = Base; path = Base.lproj/LaunchScreen.storyboard; sourceTree = "<group>"; };
		E36CED5F23C3A54000D9792A /* Info.plist */ = {isa = PBXFileReference; lastKnownFileType = text.plist.xml; path = Info.plist; sourceTree = "<group>"; };
		E36CED6523C4F92700D9792A /* DinerTableViewCell.swift */ = {isa = PBXFileReference; lastKnownFileType = sourcecode.swift; path = DinerTableViewCell.swift; sourceTree = "<group>"; };
		E36CED6A23C5577B00D9792A /* User.swift */ = {isa = PBXFileReference; lastKnownFileType = sourcecode.swift; path = User.swift; sourceTree = "<group>"; };
		E36CED6C23C5598400D9792A /* Bearer.swift */ = {isa = PBXFileReference; lastKnownFileType = sourcecode.swift; path = Bearer.swift; sourceTree = "<group>"; };
		E36CED6E23C55E7100D9792A /* RegisterController.swift */ = {isa = PBXFileReference; lastKnownFileType = sourcecode.swift; path = RegisterController.swift; sourceTree = SOURCE_ROOT; };
		E36CED7023C64E5C00D9792A /* RegisterViewController.swift */ = {isa = PBXFileReference; lastKnownFileType = sourcecode.swift; path = RegisterViewController.swift; sourceTree = "<group>"; };
		E36CED7423C6792500D9792A /* LoginViewController.swift */ = {isa = PBXFileReference; lastKnownFileType = sourcecode.swift; name = LoginViewController.swift; path = ../../LoginViewController.swift; sourceTree = "<group>"; };
/* End PBXFileReference section */

/* Begin PBXFrameworksBuildPhase section */
		E36CED4823C3A53F00D9792A /* Frameworks */ = {
			isa = PBXFrameworksBuildPhase;
			buildActionMask = 2147483647;
			files = (
			);
			runOnlyForDeploymentPostprocessing = 0;
		};
/* End PBXFrameworksBuildPhase section */

/* Begin PBXGroup section */
		E36CED4223C3A53F00D9792A = {
			isa = PBXGroup;
			children = (
				E36CED4D23C3A53F00D9792A /* FoodTruckTracker */,
				E36CED4C23C3A53F00D9792A /* Products */,
			);
			sourceTree = "<group>";
		};
		E36CED4C23C3A53F00D9792A /* Products */ = {
			isa = PBXGroup;
			children = (
				E36CED4B23C3A53F00D9792A /* FoodTruckTracker.app */,
			);
			name = Products;
			sourceTree = "<group>";
		};
		E36CED4D23C3A53F00D9792A /* FoodTruckTracker */ = {
			isa = PBXGroup;
			children = (
				E36CED6923C4F96300D9792A /* Models */,
				E36CED6823C4F95600D9792A /* Controllers */,
				E36CED6723C4F94400D9792A /* Views */,
				E36CED4E23C3A53F00D9792A /* AppDelegate.swift */,
				E36CED5023C3A53F00D9792A /* SceneDelegate.swift */,
				E36CED5A23C3A54000D9792A /* Assets.xcassets */,
				E36CED5C23C3A54000D9792A /* LaunchScreen.storyboard */,
				E36CED5F23C3A54000D9792A /* Info.plist */,
				E36CED5723C3A53F00D9792A /* FoodTruckTracker.xcdatamodeld */,
			);
			path = FoodTruckTracker;
			sourceTree = "<group>";
		};
		E36CED6723C4F94400D9792A /* Views */ = {
			isa = PBXGroup;
			children = (
				E36CED5423C3A53F00D9792A /* Main.storyboard */,
			);
			path = Views;
			sourceTree = "<group>";
		};
		E36CED6823C4F95600D9792A /* Controllers */ = {
			isa = PBXGroup;
			children = (
				E36CED7423C6792500D9792A /* LoginViewController.swift */,
				E36CED7023C64E5C00D9792A /* RegisterViewController.swift */,
				E36CED6E23C55E7100D9792A /* RegisterController.swift */,
				E36CED6523C4F92700D9792A /* DinerTableViewCell.swift */,
			);
			path = Controllers;
			sourceTree = "<group>";
		};
		E36CED6923C4F96300D9792A /* Models */ = {
			isa = PBXGroup;
			children = (
				E36CED6A23C5577B00D9792A /* User.swift */,
				E36CED6C23C5598400D9792A /* Bearer.swift */,
			);
			path = Models;
			sourceTree = "<group>";
		};
/* End PBXGroup section */

/* Begin PBXNativeTarget section */
		E36CED4A23C3A53F00D9792A /* FoodTruckTracker */ = {
			isa = PBXNativeTarget;
			buildConfigurationList = E36CED6223C3A54000D9792A /* Build configuration list for PBXNativeTarget "FoodTruckTracker" */;
			buildPhases = (
				E36CED4723C3A53F00D9792A /* Sources */,
				E36CED4823C3A53F00D9792A /* Frameworks */,
				E36CED4923C3A53F00D9792A /* Resources */,
			);
			buildRules = (
			);
			dependencies = (
			);
			name = FoodTruckTracker;
			productName = FoodTruckTracker;
			productReference = E36CED4B23C3A53F00D9792A /* FoodTruckTracker.app */;
			productType = "com.apple.product-type.application";
		};
/* End PBXNativeTarget section */

/* Begin PBXProject section */
		E36CED4323C3A53F00D9792A /* Project object */ = {
			isa = PBXProject;
			attributes = {
				LastSwiftUpdateCheck = 1110;
				LastUpgradeCheck = 1110;
				ORGANIZATIONNAME = Lambda_School_Loaner_218;
				TargetAttributes = {
					E36CED4A23C3A53F00D9792A = {
						CreatedOnToolsVersion = 11.1;
					};
				};
			};
			buildConfigurationList = E36CED4623C3A53F00D9792A /* Build configuration list for PBXProject "FoodTruckTracker" */;
			compatibilityVersion = "Xcode 9.3";
			developmentRegion = en;
			hasScannedForEncodings = 0;
			knownRegions = (
				en,
				Base,
			);
			mainGroup = E36CED4223C3A53F00D9792A;
			productRefGroup = E36CED4C23C3A53F00D9792A /* Products */;
			projectDirPath = "";
			projectRoot = "";
			targets = (
				E36CED4A23C3A53F00D9792A /* FoodTruckTracker */,
			);
		};
/* End PBXProject section */

/* Begin PBXResourcesBuildPhase section */
		E36CED4923C3A53F00D9792A /* Resources */ = {
			isa = PBXResourcesBuildPhase;
			buildActionMask = 2147483647;
			files = (
				E36CED5E23C3A54000D9792A /* LaunchScreen.storyboard in Resources */,
				E36CED5B23C3A54000D9792A /* Assets.xcassets in Resources */,
				E36CED5623C3A53F00D9792A /* Main.storyboard in Resources */,
			);
			runOnlyForDeploymentPostprocessing = 0;
		};
/* End PBXResourcesBuildPhase section */

/* Begin PBXSourcesBuildPhase section */
		E36CED4723C3A53F00D9792A /* Sources */ = {
			isa = PBXSourcesBuildPhase;
			buildActionMask = 2147483647;
			files = (
				E36CED7523C6792500D9792A /* LoginViewController.swift in Sources */,
				E36CED6B23C5577B00D9792A /* User.swift in Sources */,
				E36CED6D23C5598400D9792A /* Bearer.swift in Sources */,
				E36CED4F23C3A53F00D9792A /* AppDelegate.swift in Sources */,
				E36CED7123C64E5C00D9792A /* RegisterViewController.swift in Sources */,
				E36CED6F23C55E7100D9792A /* RegisterController.swift in Sources */,
				E36CED5923C3A53F00D9792A /* FoodTruckTracker.xcdatamodeld in Sources */,
				E36CED6623C4F92700D9792A /* DinerTableViewCell.swift in Sources */,
				E36CED5123C3A53F00D9792A /* SceneDelegate.swift in Sources */,
			);
			runOnlyForDeploymentPostprocessing = 0;
		};
/* End PBXSourcesBuildPhase section */

/* Begin PBXVariantGroup section */
		E36CED5423C3A53F00D9792A /* Main.storyboard */ = {
			isa = PBXVariantGroup;
			children = (
				E36CED5523C3A53F00D9792A /* Base */,
			);
			name = Main.storyboard;
			sourceTree = "<group>";
		};
		E36CED5C23C3A54000D9792A /* LaunchScreen.storyboard */ = {
			isa = PBXVariantGroup;
			children = (
				E36CED5D23C3A54000D9792A /* Base */,
			);
			name = LaunchScreen.storyboard;
			sourceTree = "<group>";
		};
/* End PBXVariantGroup section */

/* Begin XCBuildConfiguration section */
		E36CED6023C3A54000D9792A /* Debug */ = {
			isa = XCBuildConfiguration;
			buildSettings = {
				ALWAYS_SEARCH_USER_PATHS = NO;
				CLANG_ANALYZER_NONNULL = YES;
				CLANG_ANALYZER_NUMBER_OBJECT_CONVERSION = YES_AGGRESSIVE;
				CLANG_CXX_LANGUAGE_STANDARD = "gnu++14";
				CLANG_CXX_LIBRARY = "libc++";
				CLANG_ENABLE_MODULES = YES;
				CLANG_ENABLE_OBJC_ARC = YES;
				CLANG_ENABLE_OBJC_WEAK = YES;
				CLANG_WARN_BLOCK_CAPTURE_AUTORELEASING = YES;
				CLANG_WARN_BOOL_CONVERSION = YES;
				CLANG_WARN_COMMA = YES;
				CLANG_WARN_CONSTANT_CONVERSION = YES;
				CLANG_WARN_DEPRECATED_OBJC_IMPLEMENTATIONS = YES;
				CLANG_WARN_DIRECT_OBJC_ISA_USAGE = YES_ERROR;
				CLANG_WARN_DOCUMENTATION_COMMENTS = YES;
				CLANG_WARN_EMPTY_BODY = YES;
				CLANG_WARN_ENUM_CONVERSION = YES;
				CLANG_WARN_INFINITE_RECURSION = YES;
				CLANG_WARN_INT_CONVERSION = YES;
				CLANG_WARN_NON_LITERAL_NULL_CONVERSION = YES;
				CLANG_WARN_OBJC_IMPLICIT_RETAIN_SELF = YES;
				CLANG_WARN_OBJC_LITERAL_CONVERSION = YES;
				CLANG_WARN_OBJC_ROOT_CLASS = YES_ERROR;
				CLANG_WARN_RANGE_LOOP_ANALYSIS = YES;
				CLANG_WARN_STRICT_PROTOTYPES = YES;
				CLANG_WARN_SUSPICIOUS_MOVE = YES;
				CLANG_WARN_UNGUARDED_AVAILABILITY = YES_AGGRESSIVE;
				CLANG_WARN_UNREACHABLE_CODE = YES;
				CLANG_WARN__DUPLICATE_METHOD_MATCH = YES;
				COPY_PHASE_STRIP = NO;
				DEBUG_INFORMATION_FORMAT = dwarf;
				ENABLE_STRICT_OBJC_MSGSEND = YES;
				ENABLE_TESTABILITY = YES;
				GCC_C_LANGUAGE_STANDARD = gnu11;
				GCC_DYNAMIC_NO_PIC = NO;
				GCC_NO_COMMON_BLOCKS = YES;
				GCC_OPTIMIZATION_LEVEL = 0;
				GCC_PREPROCESSOR_DEFINITIONS = (
					"DEBUG=1",
					"$(inherited)",
				);
				GCC_WARN_64_TO_32_BIT_CONVERSION = YES;
				GCC_WARN_ABOUT_RETURN_TYPE = YES_ERROR;
				GCC_WARN_UNDECLARED_SELECTOR = YES;
				GCC_WARN_UNINITIALIZED_AUTOS = YES_AGGRESSIVE;
				GCC_WARN_UNUSED_FUNCTION = YES;
				GCC_WARN_UNUSED_VARIABLE = YES;
				IPHONEOS_DEPLOYMENT_TARGET = 13.1;
				MTL_ENABLE_DEBUG_INFO = INCLUDE_SOURCE;
				MTL_FAST_MATH = YES;
				ONLY_ACTIVE_ARCH = YES;
				SDKROOT = iphoneos;
				SWIFT_ACTIVE_COMPILATION_CONDITIONS = DEBUG;
				SWIFT_OPTIMIZATION_LEVEL = "-Onone";
			};
			name = Debug;
		};
		E36CED6123C3A54000D9792A /* Release */ = {
			isa = XCBuildConfiguration;
			buildSettings = {
				ALWAYS_SEARCH_USER_PATHS = NO;
				CLANG_ANALYZER_NONNULL = YES;
				CLANG_ANALYZER_NUMBER_OBJECT_CONVERSION = YES_AGGRESSIVE;
				CLANG_CXX_LANGUAGE_STANDARD = "gnu++14";
				CLANG_CXX_LIBRARY = "libc++";
				CLANG_ENABLE_MODULES = YES;
				CLANG_ENABLE_OBJC_ARC = YES;
				CLANG_ENABLE_OBJC_WEAK = YES;
				CLANG_WARN_BLOCK_CAPTURE_AUTORELEASING = YES;
				CLANG_WARN_BOOL_CONVERSION = YES;
				CLANG_WARN_COMMA = YES;
				CLANG_WARN_CONSTANT_CONVERSION = YES;
				CLANG_WARN_DEPRECATED_OBJC_IMPLEMENTATIONS = YES;
				CLANG_WARN_DIRECT_OBJC_ISA_USAGE = YES_ERROR;
				CLANG_WARN_DOCUMENTATION_COMMENTS = YES;
				CLANG_WARN_EMPTY_BODY = YES;
				CLANG_WARN_ENUM_CONVERSION = YES;
				CLANG_WARN_INFINITE_RECURSION = YES;
				CLANG_WARN_INT_CONVERSION = YES;
				CLANG_WARN_NON_LITERAL_NULL_CONVERSION = YES;
				CLANG_WARN_OBJC_IMPLICIT_RETAIN_SELF = YES;
				CLANG_WARN_OBJC_LITERAL_CONVERSION = YES;
				CLANG_WARN_OBJC_ROOT_CLASS = YES_ERROR;
				CLANG_WARN_RANGE_LOOP_ANALYSIS = YES;
				CLANG_WARN_STRICT_PROTOTYPES = YES;
				CLANG_WARN_SUSPICIOUS_MOVE = YES;
				CLANG_WARN_UNGUARDED_AVAILABILITY = YES_AGGRESSIVE;
				CLANG_WARN_UNREACHABLE_CODE = YES;
				CLANG_WARN__DUPLICATE_METHOD_MATCH = YES;
				COPY_PHASE_STRIP = NO;
				DEBUG_INFORMATION_FORMAT = "dwarf-with-dsym";
				ENABLE_NS_ASSERTIONS = NO;
				ENABLE_STRICT_OBJC_MSGSEND = YES;
				GCC_C_LANGUAGE_STANDARD = gnu11;
				GCC_NO_COMMON_BLOCKS = YES;
				GCC_WARN_64_TO_32_BIT_CONVERSION = YES;
				GCC_WARN_ABOUT_RETURN_TYPE = YES_ERROR;
				GCC_WARN_UNDECLARED_SELECTOR = YES;
				GCC_WARN_UNINITIALIZED_AUTOS = YES_AGGRESSIVE;
				GCC_WARN_UNUSED_FUNCTION = YES;
				GCC_WARN_UNUSED_VARIABLE = YES;
				IPHONEOS_DEPLOYMENT_TARGET = 13.1;
				MTL_ENABLE_DEBUG_INFO = NO;
				MTL_FAST_MATH = YES;
				SDKROOT = iphoneos;
				SWIFT_COMPILATION_MODE = wholemodule;
				SWIFT_OPTIMIZATION_LEVEL = "-O";
				VALIDATE_PRODUCT = YES;
			};
			name = Release;
		};
		E36CED6323C3A54000D9792A /* Debug */ = {
			isa = XCBuildConfiguration;
			buildSettings = {
				ASSETCATALOG_COMPILER_APPICON_NAME = AppIcon;
				CODE_SIGN_STYLE = Automatic;
				INFOPLIST_FILE = FoodTruckTracker/Info.plist;
				LD_RUNPATH_SEARCH_PATHS = (
					"$(inherited)",
					"@executable_path/Frameworks",
				);
				"MTL_FAST_MATH[arch=*]" = NO;
				PRODUCT_BUNDLE_IDENTIFIER = "com.Lambda-Shool-learner.FoodTruckTracker";
				PRODUCT_NAME = "$(TARGET_NAME)";
				SWIFT_VERSION = 5.0;
				TARGETED_DEVICE_FAMILY = "1,2";
			};
			name = Debug;
		};
		E36CED6423C3A54000D9792A /* Release */ = {
			isa = XCBuildConfiguration;
			buildSettings = {
				ASSETCATALOG_COMPILER_APPICON_NAME = AppIcon;
				CODE_SIGN_STYLE = Automatic;
				INFOPLIST_FILE = FoodTruckTracker/Info.plist;
				LD_RUNPATH_SEARCH_PATHS = (
					"$(inherited)",
					"@executable_path/Frameworks",
				);
				PRODUCT_BUNDLE_IDENTIFIER = "com.Lambda-Shool-learner.FoodTruckTracker";
				PRODUCT_NAME = "$(TARGET_NAME)";
				SWIFT_VERSION = 5.0;
				TARGETED_DEVICE_FAMILY = "1,2";
			};
			name = Release;
		};
/* End XCBuildConfiguration section */

/* Begin XCConfigurationList section */
		E36CED4623C3A53F00D9792A /* Build configuration list for PBXProject "FoodTruckTracker" */ = {
			isa = XCConfigurationList;
			buildConfigurations = (
				E36CED6023C3A54000D9792A /* Debug */,
				E36CED6123C3A54000D9792A /* Release */,
			);
			defaultConfigurationIsVisible = 0;
			defaultConfigurationName = Release;
		};
		E36CED6223C3A54000D9792A /* Build configuration list for PBXNativeTarget "FoodTruckTracker" */ = {
			isa = XCConfigurationList;
			buildConfigurations = (
				E36CED6323C3A54000D9792A /* Debug */,
				E36CED6423C3A54000D9792A /* Release */,
			);
			defaultConfigurationIsVisible = 0;
			defaultConfigurationName = Release;
		};
/* End XCConfigurationList section */

/* Begin XCVersionGroup section */
		E36CED5723C3A53F00D9792A /* FoodTruckTracker.xcdatamodeld */ = {
			isa = XCVersionGroup;
			children = (
				E36CED5823C3A53F00D9792A /* FoodTruckTracker.xcdatamodel */,
			);
			currentVersion = E36CED5823C3A53F00D9792A /* FoodTruckTracker.xcdatamodel */;
			path = FoodTruckTracker.xcdatamodeld;
			sourceTree = "<group>";
			versionGroupType = wrapper.xcdatamodel;
		};
/* End XCVersionGroup section */
	};
	rootObject = E36CED4323C3A53F00D9792A /* Project object */;
}
